
Microsoft Visual Studio Solution File, Format Version 12.00
# Visual Studio Version 17
VisualStudioVersion = 17.5.33627.172
MinimumVisualStudioVersion = 10.0.40219.1
Project("{8BC9CEB8-8B4A-11D0-8D11-00A0C91BC942}") = "Get-InjectedThreadEx", "Get-InjectedThreadEx.vcxproj", "{256D0782-6D09-44B2-AD5C-FC8EF085D1D3}"
	ProjectSection(ProjectDependencies) = postProject
		{88A23124-5640-35A0-B890-311D7A67A7D2} = {88A23124-5640-35A0-B890-311D7A67A7D2}
	EndProjectSection
EndProject
Project("{8BC9CEB8-8B4A-11D0-8D11-00A0C91BC942}") = "Zydis", "zydis\msvc\zydis\Zydis.vcxproj", "{88A23124-5640-35A0-B890-311D7A67A7D2}"
EndProject
Global
	GlobalSection(SolutionConfigurationPlatforms) = preSolution
		Debug Kernel|x64 = Debug Kernel|x64
		Debug Kernel|x86 = Debug Kernel|x86
		Debug MD DLL|x64 = Debug MD DLL|x64
		Debug MD DLL|x86 = Debug MD DLL|x86
		Debug MD|x64 = Debug MD|x64
		Debug MD|x86 = Debug MD|x86
		Debug MT DLL|x64 = Debug MT DLL|x64
		Debug MT DLL|x86 = Debug MT DLL|x86
		Debug MT|x64 = Debug MT|x64
		Debug MT|x86 = Debug MT|x86
		Debug|x64 = Debug|x64
		Debug|x86 = Debug|x86
		Release Kernel|x64 = Release Kernel|x64
		Release Kernel|x86 = Release Kernel|x86
		Release MD DLL|x64 = Release MD DLL|x64
		Release MD DLL|x86 = Release MD DLL|x86
		Release MD|x64 = Release MD|x64
		Release MD|x86 = Release MD|x86
		Release MT DLL|x64 = Release MT DLL|x64
		Release MT DLL|x86 = Release MT DLL|x86
		Release MT|x64 = Release MT|x64
		Release MT|x86 = Release MT|x86
		Release|x64 = Release|x64
		Release|x86 = Release|x86
	EndGlobalSection
	GlobalSection(ProjectConfigurationPlatforms) = postSolution
		{256D0782-6D09-44B2-AD5C-FC8EF085D1D3}.Debug Kernel|x64.ActiveCfg = Debug|x64
		{256D0782-6D09-44B2-AD5C-FC8EF085D1D3}.Debug Kernel|x64.Build.0 = Debug|x64
		{256D0782-6D09-44B2-AD5C-FC8EF085D1D3}.Debug Kernel|x86.ActiveCfg = Debug|x64
		{256D0782-6D09-44B2-AD5C-FC8EF085D1D3}.Debug Kernel|x86.Build.0 = Debug|x64
		{256D0782-6D09-44B2-AD5C-FC8EF085D1D3}.Debug MD DLL|x64.ActiveCfg = Debug|x64
		{256D0782-6D09-44B2-AD5C-FC8EF085D1D3}.Debug MD DLL|x64.Build.0 = Debug|x64
		{256D0782-6D09-44B2-AD5C-FC8EF085D1D3}.Debug MD DLL|x86.ActiveCfg = Debug|x64
		{256D0782-6D09-44B2-AD5C-FC8EF085D1D3}.Debug MD DLL|x86.Build.0 = Debug|x64
		{256D0782-6D09-44B2-AD5C-FC8EF085D1D3}.Debug MD|x64.ActiveCfg = Debug|x64
		{256D0782-6D09-44B2-AD5C-FC8EF085D1D3}.Debug MD|x64.Build.0 = Debug|x64
		{256D0782-6D09-44B2-AD5C-FC8EF085D1D3}.Debug MD|x86.ActiveCfg = Debug|x64
		{256D0782-6D09-44B2-AD5C-FC8EF085D1D3}.Debug MD|x86.Build.0 = Debug|x64
		{256D0782-6D09-44B2-AD5C-FC8EF085D1D3}.Debug MT DLL|x64.ActiveCfg = Debug|x64
		{256D0782-6D09-44B2-AD5C-FC8EF085D1D3}.Debug MT DLL|x64.Build.0 = Debug|x64
		{256D0782-6D09-44B2-AD5C-FC8EF085D1D3}.Debug MT DLL|x86.ActiveCfg = Debug|x64
		{256D0782-6D09-44B2-AD5C-FC8EF085D1D3}.Debug MT DLL|x86.Build.0 = Debug|x64
		{256D0782-6D09-44B2-AD5C-FC8EF085D1D3}.Debug MT|x64.ActiveCfg = Debug|x64
		{256D0782-6D09-44B2-AD5C-FC8EF085D1D3}.Debug MT|x64.Build.0 = Debug|x64
		{256D0782-6D09-44B2-AD5C-FC8EF085D1D3}.Debug MT|x86.ActiveCfg = Debug|x64
		{256D0782-6D09-44B2-AD5C-FC8EF085D1D3}.Debug MT|x86.Build.0 = Debug|x64
		{256D0782-6D09-44B2-AD5C-FC8EF085D1D3}.Debug|x64.ActiveCfg = Debug|x64
		{256D0782-6D09-44B2-AD5C-FC8EF085D1D3}.Debug|x64.Build.0 = Debug|x64
		{256D0782-6D09-44B2-AD5C-FC8EF085D1D3}.Debug|x86.ActiveCfg = Debug|x64
		{256D0782-6D09-44B2-AD5C-FC8EF085D1D3}.Release Kernel|x64.ActiveCfg = Release|x64
		{256D0782-6D09-44B2-AD5C-FC8EF085D1D3}.Release Kernel|x64.Build.0 = Release|x64
		{256D0782-6D09-44B2-AD5C-FC8EF085D1D3}.Release Kernel|x86.ActiveCfg = Release|x64
		{256D0782-6D09-44B2-AD5C-FC8EF085D1D3}.Release Kernel|x86.Build.0 = Release|x64
		{256D0782-6D09-44B2-AD5C-FC8EF085D1D3}.Release MD DLL|x64.ActiveCfg = Release|x64
		{256D0782-6D09-44B2-AD5C-FC8EF085D1D3}.Release MD DLL|x64.Build.0 = Release|x64
		{256D0782-6D09-44B2-AD5C-FC8EF085D1D3}.Release MD DLL|x86.ActiveCfg = Release|x64
		{256D0782-6D09-44B2-AD5C-FC8EF085D1D3}.Release MD DLL|x86.Build.0 = Release|x64
		{256D0782-6D09-44B2-AD5C-FC8EF085D1D3}.Release MD|x64.ActiveCfg = Release|x64
		{256D0782-6D09-44B2-AD5C-FC8EF085D1D3}.Release MD|x64.Build.0 = Release|x64
		{256D0782-6D09-44B2-AD5C-FC8EF085D1D3}.Release MD|x86.ActiveCfg = Release|x64
		{256D0782-6D09-44B2-AD5C-FC8EF085D1D3}.Release MD|x86.Build.0 = Release|x64
		{256D0782-6D09-44B2-AD5C-FC8EF085D1D3}.Release MT DLL|x64.ActiveCfg = Release|x64
		{256D0782-6D09-44B2-AD5C-FC8EF085D1D3}.Release MT DLL|x64.Build.0 = Release|x64
		{256D0782-6D09-44B2-AD5C-FC8EF085D1D3}.Release MT DLL|x86.ActiveCfg = Release|x64
		{256D0782-6D09-44B2-AD5C-FC8EF085D1D3}.Release MT DLL|x86.Build.0 = Release|x64
		{256D0782-6D09-44B2-AD5C-FC8EF085D1D3}.Release MT|x64.ActiveCfg = Release|x64
		{256D0782-6D09-44B2-AD5C-FC8EF085D1D3}.Release MT|x64.Build.0 = Release|x64
		{256D0782-6D09-44B2-AD5C-FC8EF085D1D3}.Release MT|x86.ActiveCfg = Release|x64
		{256D0782-6D09-44B2-AD5C-FC8EF085D1D3}.Release MT|x86.Build.0 = Release|x64
		{256D0782-6D09-44B2-AD5C-FC8EF085D1D3}.Release|x64.ActiveCfg = Release|x64
		{256D0782-6D09-44B2-AD5C-FC8EF085D1D3}.Release|x64.Build.0 = Release|x64
		{256D0782-6D09-44B2-AD5C-FC8EF085D1D3}.Release|x86.ActiveCfg = Release|x64
		{88A23124-5640-35A0-B890-311D7A67A7D2}.Debug Kernel|x64.ActiveCfg = Debug Kernel|x64
		{88A23124-5640-35A0-B890-311D7A67A7D2}.Debug Kernel|x64.Build.0 = Debug Kernel|x64
		{88A23124-5640-35A0-B890-311D7A67A7D2}.Debug Kernel|x86.ActiveCfg = Debug Kernel|Win32
		{88A23124-5640-35A0-B890-311D7A67A7D2}.Debug Kernel|x86.Build.0 = Debug Kernel|Win32
		{88A23124-5640-35A0-B890-311D7A67A7D2}.Debug MD DLL|x64.ActiveCfg = Debug MD DLL|x64
		{88A23124-5640-35A0-B890-311D7A67A7D2}.Debug MD DLL|x64.Build.0 = Debug MD DLL|x64
		{88A23124-5640-35A0-B890-311D7A67A7D2}.Debug MD DLL|x86.ActiveCfg = Debug MD DLL|Win32
		{88A23124-5640-35A0-B890-311D7A67A7D2}.Debug MD DLL|x86.Build.0 = Debug MD DLL|Win32
		{88A23124-5640-35A0-B890-311D7A67A7D2}.Debug MD|x64.ActiveCfg = Debug MD|x64
		{88A23124-5640-35A0-B890-311D7A67A7D2}.Debug MD|x64.Build.0 = Debug MD|x64
		{88A23124-5640-35A0-B890-311D7A67A7D2}.Debug MD|x86.ActiveCfg = Debug MD|Win32
		{88A23124-5640-35A0-B890-311D7A67A7D2}.Debug MD|x86.Build.0 = Debug MD|Win32
		{88A23124-5640-35A0-B890-311D7A67A7D2}.Debug MT DLL|x64.ActiveCfg = Debug MT DLL|x64
		{88A23124-5640-35A0-B890-311D7A67A7D2}.Debug MT DLL|x64.Build.0 = Debug MT DLL|x64
		{88A23124-5640-35A0-B890-311D7A67A7D2}.Debug MT DLL|x86.ActiveCfg = Debug MT DLL|Win32
		{88A23124-5640-35A0-B890-311D7A67A7D2}.Debug MT DLL|x86.Build.0 = Debug MT DLL|Win32
		{88A23124-5640-35A0-B890-311D7A67A7D2}.Debug MT|x64.ActiveCfg = Debug MT|x64
		{88A23124-5640-35A0-B890-311D7A67A7D2}.Debug MT|x64.Build.0 = Debug MT|x64
		{88A23124-5640-35A0-B890-311D7A67A7D2}.Debug MT|x86.ActiveCfg = Debug MT|Win32
		{88A23124-5640-35A0-B890-311D7A67A7D2}.Debug MT|x86.Build.0 = Debug MT|Win32
		{88A23124-5640-35A0-B890-311D7A67A7D2}.Debug|x64.ActiveCfg = Debug MD|x64
		{88A23124-5640-35A0-B890-311D7A67A7D2}.Debug|x64.Build.0 = Debug MD|x64
		{88A23124-5640-35A0-B890-311D7A67A7D2}.Debug|x86.ActiveCfg = Debug MD|Win32
		{88A23124-5640-35A0-B890-311D7A67A7D2}.Debug|x86.Build.0 = Debug MD|Win32
		{88A23124-5640-35A0-B890-311D7A67A7D2}.Release Kernel|x64.ActiveCfg = Release Kernel|x64
		{88A23124-5640-35A0-B890-311D7A67A7D2}.Release Kernel|x64.Build.0 = Release Kernel|x64
		{88A23124-5640-35A0-B890-311D7A67A7D2}.Release Kernel|x86.ActiveCfg = Release Kernel|Win32
		{88A23124-5640-35A0-B890-311D7A67A7D2}.Release Kernel|x86.Build.0 = Release Kernel|Win32
		{88A23124-5640-35A0-B890-311D7A67A7D2}.Release MD DLL|x64.ActiveCfg = Release MD DLL|x64
		{88A23124-5640-35A0-B890-311D7A67A7D2}.Release MD DLL|x64.Build.0 = Release MD DLL|x64
		{88A23124-5640-35A0-B890-311D7A67A7D2}.Release MD DLL|x86.ActiveCfg = Release MD DLL|Win32
		{88A23124-5640-35A0-B890-311D7A67A7D2}.Release MD DLL|x86.Build.0 = Release MD DLL|Win32
		{88A23124-5640-35A0-B890-311D7A67A7D2}.Release MD|x64.ActiveCfg = Release MD|x64
		{88A23124-5640-35A0-B890-311D7A67A7D2}.Release MD|x64.Build.0 = Release MD|x64
		{88A23124-5640-35A0-B890-311D7A67A7D2}.Release MD|x86.ActiveCfg = Release MD|Win32
		{88A23124-5640-35A0-B890-311D7A67A7D2}.Release MD|x86.Build.0 = Release MD|Win32
		{88A23124-5640-35A0-B890-311D7A67A7D2}.Release MT DLL|x64.ActiveCfg = Release MT DLL|x64
		{88A23124-5640-35A0-B890-311D7A67A7D2}.Release MT DLL|x64.Build.0 = Release MT DLL|x64
		{88A23124-5640-35A0-B890-311D7A67A7D2}.Release MT DLL|x86.ActiveCfg = Release MT DLL|Win32
		{88A23124-5640-35A0-B890-311D7A67A7D2}.Release MT DLL|x86.Build.0 = Release MT DLL|Win32
		{88A23124-5640-35A0-B890-311D7A67A7D2}.Release MT|x64.ActiveCfg = Release MT|x64
		{88A23124-5640-35A0-B890-311D7A67A7D2}.Release MT|x64.Build.0 = Release MT|x64
		{88A23124-5640-35A0-B890-311D7A67A7D2}.Release MT|x86.ActiveCfg = Release MT|Win32
		{88A23124-5640-35A0-B890-311D7A67A7D2}.Release MT|x86.Build.0 = Release MT|Win32
		{88A23124-5640-35A0-B890-311D7A67A7D2}.Release|x64.ActiveCfg = Release MD DLL|x64
		{88A23124-5640-35A0-B890-311D7A67A7D2}.Release|x64.Build.0 = Release MD DLL|x64
		{88A23124-5640-35A0-B890-311D7A67A7D2}.Release|x86.ActiveCfg = Release MT DLL|Win32
		{88A23124-5640-35A0-B890-311D7A67A7D2}.Release|x86.Build.0 = Release MT DLL|Win32
	EndGlobalSection
	GlobalSection(SolutionProperties) = preSolution
		HideSolutionNode = FALSE
	EndGlobalSection
	GlobalSection(ExtensibilityGlobals) = postSolution
		SolutionGuid = {2409743E-DDE1-4665-8C29-FA5C5C8DEEFE}
	EndGlobalSection
EndGlobal
